{
  "name": "online",
  "lockfileVersion": 2,
  "requires": true,
  "packages": {
    "": {
      "dependencies": {
        "@open-ayame/ayame-web-sdk": "^2020.3.0"
      }
    },
    "node_modules/@open-ayame/ayame-web-sdk": {
      "version": "2020.3.0",
      "resolved": "https://registry.npmjs.org/@open-ayame/ayame-web-sdk/-/ayame-web-sdk-2020.3.0.tgz",
      "integrity": "sha512-GS8Tp4JX4BToc3LdZLvfBqds7IBUKx0P6bf20LIuB/4du1pp4rc/bv0YiMZ4erWnJ+6uDYQqvY5HQYsSrD6hCw=="
    }
  },
  "dependencies": {
    "@open-ayame/ayame-web-sdk": {
      "version": "2020.3.0",
      "resolved": "https://registry.npmjs.org/@open-ayame/ayame-web-sdk/-/ayame-web-sdk-2020.3.0.tgz",
      "integrity": "sha512-GS8Tp4JX4BToc3LdZLvfBqds7IBUKx0P6bf20LIuB/4du1pp4rc/bv0YiMZ4erWnJ+6uDYQqvY5HQYsSrD6hCw=="
    }
  }
}
